# This file is automatically @generated by Cargo.
# It is not intended for manual editing.
version = 3

[[package]]
name = "base_pricer"
version = "0.1.0"
dependencies = [
 "types",
]

[[package]]
name = "holiday_pricer"
version = "0.1.0"
dependencies = [
 "types",
]

[[package]]
name = "order_history"
version = "0.1.0"
dependencies = [
 "types",
]

[[package]]
name = "pricer"
version = "0.1.0"
dependencies = [
 "base_pricer",
 "holiday_pricer",
 "types",
]

[[package]]
name = "product_finder"
version = "0.1.0"
dependencies = [
 "types",
]

[[package]]
name = "search_service"
version = "0.1.0"
dependencies = [
 "order_history",
 "pricer",
 "product_finder",
 "types",
]

[[package]]
name = "types"
version = "0.1.0"
